<?xml version="1.0" encoding="utf-8"?>
<Project ToolsVersion="4.0" xmlns="http://schemas.microsoft.com/developer/msbuild/2003">
  <ItemGroup>
    <Filter Include="源文件">
      <UniqueIdentifier>{4FC737F1-C7A5-4376-A066-2A32D752A2FF}</UniqueIdentifier>
      <Extensions>cpp;c;cc;cxx;def;odl;idl;hpj;bat;asm;asmx</Extensions>
    </Filter>
    <Filter Include="头文件">
      <UniqueIdentifier>{93995380-89BD-4b04-88EB-625FBE52EBFB}</UniqueIdentifier>
      <Extensions>h;hh;hpp;hxx;hm;inl;inc;xsd</Extensions>
    </Filter>
    <Filter Include="资源文件">
      <UniqueIdentifier>{67DA6AB6-F800-4c08-8B7A-83BB121AAD01}</UniqueIdentifier>
      <Extensions>rc;ico;cur;bmp;dlg;rc2;rct;bin;rgs;gif;jpg;jpeg;jpe;resx;tiff;tif;png;wav;mfcribbon-ms</Extensions>
    </Filter>
    <Filter Include="PlumPack">
      <UniqueIdentifier>{c4da6984-cc89-41e3-9ec2-7f5ec8bb5045}</UniqueIdentifier>
    </Filter>
    <Filter Include="PlumThread">
      <UniqueIdentifier>{8728f232-410a-410d-ab43-6db5409f14bd}</UniqueIdentifier>
    </Filter>
  </ItemGroup>
  <ItemGroup>
    <Text Include="ReadMe.txt" />
  </ItemGroup>
  <ItemGroup>
    <ClInclude Include="PackerMaker.h">
      <Filter>头文件</Filter>
    </ClInclude>
    <ClInclude Include="PackerMakerDlg.h">
      <Filter>头文件</Filter>
    </ClInclude>
    <ClInclude Include="stdafx.h">
      <Filter>头文件</Filter>
    </ClInclude>
    <ClInclude Include="targetver.h">
      <Filter>头文件</Filter>
    </ClInclude>
    <ClInclude Include="Resource.h">
      <Filter>头文件</Filter>
    </ClInclude>
    <ClInclude Include="PackerDlg.h">
      <Filter>头文件</Filter>
    </ClInclude>
    <ClInclude Include="UnPackerDlg.h">
      <Filter>头文件</Filter>
    </ClInclude>
    <ClInclude Include="ConfigDlg.h">
      <Filter>头文件</Filter>
    </ClInclude>
    <ClInclude Include="Common.h">
      <Filter>头文件</Filter>
    </ClInclude>
    <ClInclude Include="PlumCipherA.h">
      <Filter>PlumPack</Filter>
    </ClInclude>
    <ClInclude Include="PlumCrypt.h">
      <Filter>PlumPack</Filter>
    </ClInclude>
    <ClInclude Include="PlumPack.h">
      <Filter>PlumPack</Filter>
    </ClInclude>
    <ClInclude Include="MyListCtrl.h">
      <Filter>头文件</Filter>
    </ClInclude>
    <ClInclude Include="MoreDlg.h">
      <Filter>头文件</Filter>
    </ClInclude>
    <ClInclude Include="PlumThread.h">
      <Filter>PlumThread</Filter>
    </ClInclude>
    <ClInclude Include="PackerThread.h">
      <Filter>头文件</Filter>
    </ClInclude>
    <ClInclude Include="UnPackerThread.h">
      <Filter>头文件</Filter>
    </ClInclude>
  </ItemGroup>
  <ItemGroup>
    <ClCompile Include="PackerMaker.cpp">
      <Filter>源文件</Filter>
    </ClCompile>
    <ClCompile Include="PackerMakerDlg.cpp">
      <Filter>源文件</Filter>
    </ClCompile>
    <ClCompile Include="stdafx.cpp">
      <Filter>源文件</Filter>
    </ClCompile>
    <ClCompile Include="PackerDlg.cpp">
      <Filter>源文件</Filter>
    </ClCompile>
    <ClCompile Include="UnPackerDlg.cpp">
      <Filter>源文件</Filter>
    </ClCompile>
    <ClCompile Include="ConfigDlg.cpp">
      <Filter>源文件</Filter>
    </ClCompile>
    <ClCompile Include="MyListCtrl.cpp">
      <Filter>源文件</Filter>
    </ClCompile>
    <ClCompile Include="MoreDlg.cpp">
      <Filter>源文件</Filter>
    </ClCompile>
    <ClCompile Include="PackerThread.cpp">
      <Filter>源文件</Filter>
    </ClCompile>
    <ClCompile Include="UnPackerThread.cpp">
      <Filter>源文件</Filter>
    </ClCompile>
  </ItemGroup>
  <ItemGroup>
    <ResourceCompile Include="PackerMaker.rc">
      <Filter>资源文件</Filter>
    </ResourceCompile>
  </ItemGroup>
  <ItemGroup>
    <None Include="res\PackerMaker.rc2">
      <Filter>资源文件</Filter>
    </None>
  </ItemGroup>
  <ItemGroup>
    <Image Include="res\PackerMaker.ico">
      <Filter>资源文件</Filter>
    </Image>
  </ItemGroup>
</Project>